
Microsoft Visual Studio Solution File, Format Version 12.00
# Visual Studio 15
VisualStudioVersion = 15.0.26730.15
MinimumVisualStudioVersion = 10.0.40219.1
Project("{FAE04EC0-301F-11D3-BF4B-00C04F79EFBC}") = "SmartRefrigerator", "SmartRefrigerator\SmartRefrigerator.csproj", "{5634B268-10B0-4FCC-AC94-D587B3E1E04B}"
EndProject
Project("{FAE04EC0-301F-11D3-BF4B-00C04F79EFBC}") = "SmartRefrigerator.Tests", "SmartRefrigerator.Tests\SmartRefrigerator.Tests.csproj", "{FF6340A6-77BC-4C06-B8E9-CE38F4F51EC5}"
EndProject
Global
	GlobalSection(SolutionConfigurationPlatforms) = preSolution
		Debug|Any CPU = Debug|Any CPU
		Release|Any CPU = Release|Any CPU
	EndGlobalSection
	GlobalSection(ProjectConfigurationPlatforms) = postSolution
		{5634B268-10B0-4FCC-AC94-D587B3E1E04B}.Debug|Any CPU.ActiveCfg = Debug|Any CPU
		{5634B268-10B0-4FCC-AC94-D587B3E1E04B}.Debug|Any CPU.Build.0 = Debug|Any CPU
		{5634B268-10B0-4FCC-AC94-D587B3E1E04B}.Release|Any CPU.ActiveCfg = Release|Any CPU
		{5634B268-10B0-4FCC-AC94-D587B3E1E04B}.Release|Any CPU.Build.0 = Release|Any CPU
		{FF6340A6-77BC-4C06-B8E9-CE38F4F51EC5}.Debug|Any CPU.ActiveCfg = Debug|Any CPU
		{FF6340A6-77BC-4C06-B8E9-CE38F4F51EC5}.Debug|Any CPU.Build.0 = Debug|Any CPU
		{FF6340A6-77BC-4C06-B8E9-CE38F4F51EC5}.Release|Any CPU.ActiveCfg = Release|Any CPU
		{FF6340A6-77BC-4C06-B8E9-CE38F4F51EC5}.Release|Any CPU.Build.0 = Release|Any CPU
	EndGlobalSection
	GlobalSection(SolutionProperties) = preSolution
		HideSolutionNode = FALSE
	EndGlobalSection
	GlobalSection(ExtensibilityGlobals) = postSolution
		SolutionGuid = {A4CEE47B-AF16-4C04-BFB0-4A8461E3DB4C}
	EndGlobalSection
EndGlobal
